
Microsoft Visual Studio Solution File, Format Version 12.00
# Visual Studio Version 17
VisualStudioVersion = 17.12.35309.182
MinimumVisualStudioVersion = 10.0.40219.1
Project("{FAE04EC0-301F-11D3-BF4B-00C04F79EFBC}") = "CarStore", "CarStore\CarStore.csproj", "{C2F1B62F-975C-4340-A969-3005F6E32A41}"
EndProject
Project("{2150E333-8FDC-42A3-9474-1A3956D46DE8}") = "Solution Items", "Solution Items", "{BFE561B2-E996-43F7-8F89-92F3309F4643}"
	ProjectSection(SolutionItems) = preProject
		.gittignore = .gittignore
	EndProjectSection
EndProject
Global
	GlobalSection(SolutionConfigurationPlatforms) = preSolution
		Debug|Any CPU = Debug|Any CPU
		Release|Any CPU = Release|Any CPU
	EndGlobalSection
	GlobalSection(ProjectConfigurationPlatforms) = postSolution
		{C2F1B62F-975C-4340-A969-3005F6E32A41}.Debug|Any CPU.ActiveCfg = Debug|Any CPU
		{C2F1B62F-975C-4340-A969-3005F6E32A41}.Debug|Any CPU.Build.0 = Debug|Any CPU
		{C2F1B62F-975C-4340-A969-3005F6E32A41}.Release|Any CPU.ActiveCfg = Release|Any CPU
		{C2F1B62F-975C-4340-A969-3005F6E32A41}.Release|Any CPU.Build.0 = Release|Any CPU
	EndGlobalSection
	GlobalSection(SolutionProperties) = preSolution
		HideSolutionNode = FALSE
	EndGlobalSection
	GlobalSection(ExtensibilityGlobals) = postSolution
		SolutionGuid = {53CF9153-CF85-4172-AFED-7C78E9D92C91}
	EndGlobalSection
EndGlobal
